
Microsoft Visual Studio Solution File, Format Version 12.00
# Visual Studio 14
VisualStudioVersion = 14.0.25420.1
MinimumVisualStudioVersion = 10.0.40219.1
Project("{FAE04EC0-301F-11D3-BF4B-00C04F79EFBC}") = "CodeBracketFixer", "CodeBracketFixer\CodeBracketFixer.csproj", "{77B39487-DE38-4F57-AC9F-9C8A7A0BCBD5}"
EndProject
Project("{2150E333-8FDC-42A3-9474-1A3956D46DE8}") = "Solution Items", "Solution Items", "{2C41CD28-FB2B-4CAB-9962-19EA6B76E19B}"
	ProjectSection(SolutionItems) = preProject
		106842_bDp_icon.ico = 106842_bDp_icon.ico
	EndProjectSection
EndProject
Global
	GlobalSection(SolutionConfigurationPlatforms) = preSolution
		Debug|Any CPU = Debug|Any CPU
		Release|Any CPU = Release|Any CPU
	EndGlobalSection
	GlobalSection(ProjectConfigurationPlatforms) = postSolution
		{77B39487-DE38-4F57-AC9F-9C8A7A0BCBD5}.Debug|Any CPU.ActiveCfg = Debug|Any CPU
		{77B39487-DE38-4F57-AC9F-9C8A7A0BCBD5}.Debug|Any CPU.Build.0 = Debug|Any CPU
		{77B39487-DE38-4F57-AC9F-9C8A7A0BCBD5}.Release|Any CPU.ActiveCfg = Release|Any CPU
		{77B39487-DE38-4F57-AC9F-9C8A7A0BCBD5}.Release|Any CPU.Build.0 = Release|Any CPU
	EndGlobalSection
	GlobalSection(SolutionProperties) = preSolution
		HideSolutionNode = FALSE
	EndGlobalSection
EndGlobal
